
Microsoft Visual Studio Solution File, Format Version 12.00
# Visual Studio Version 17
VisualStudioVersion = 17.1.32228.430
MinimumVisualStudioVersion = 10.0.40219.1
Project("{FAE04EC0-301F-11D3-BF4B-00C04F79EFBC}") = "proba_git", "proba_git\proba_git.csproj", "{D8F000C5-881C-4698-81ED-61F17837FE7B}"
EndProject
Global
	GlobalSection(SolutionConfigurationPlatforms) = preSolution
		Debug|Any CPU = Debug|Any CPU
		Release|Any CPU = Release|Any CPU
	EndGlobalSection
	GlobalSection(ProjectConfigurationPlatforms) = postSolution
		{D8F000C5-881C-4698-81ED-61F17837FE7B}.Debug|Any CPU.ActiveCfg = Debug|Any CPU
		{D8F000C5-881C-4698-81ED-61F17837FE7B}.Debug|Any CPU.Build.0 = Debug|Any CPU
		{D8F000C5-881C-4698-81ED-61F17837FE7B}.Release|Any CPU.ActiveCfg = Release|Any CPU
		{D8F000C5-881C-4698-81ED-61F17837FE7B}.Release|Any CPU.Build.0 = Release|Any CPU
	EndGlobalSection
	GlobalSection(SolutionProperties) = preSolution
		HideSolutionNode = FALSE
	EndGlobalSection
	GlobalSection(ExtensibilityGlobals) = postSolution
		SolutionGuid = {EFE25AF6-8ED1-4E02-8899-1AEB98138ACB}
	EndGlobalSection
EndGlobal
